{
  "name": "Anabella Luna CRM",
  "lockfileVersion": 3,
  "requires": true,
  "packages": {
    "": {
      "dependencies": {
        "@syncfusion/ej2": "^31.1.23",
        "@syncfusion/ej2-react-calendars": "^31.1.23",
        "@syncfusion/ej2-react-charts": "^31.1.23",
        "@syncfusion/ej2-react-dropdowns": "^31.1.23",
        "@syncfusion/ej2-react-grids": "^31.1.23",
        "@syncfusion/ej2-react-inputs": "^31.1.23",
        "@syncfusion/ej2-react-kanban": "^31.1.17",
        "@syncfusion/ej2-react-maps": "^31.1.17",
        "@syncfusion/ej2-react-popups": "^31.1.20",
        "@syncfusion/ej2-react-richtexteditor": "^31.1.23",
        "@syncfusion/ej2-react-schedule": "^31.1.21"
      }
    },
    "node_modules/@syncfusion/ej2": {
      "version": "31.1.23",
      "resolved": "https://registry.npmjs.org/@syncfusion/ej2/-/ej2-31.1.23.tgz",
      "integrity": "sha512-zX+PVhLaDlA/HKOlxVQImaPn4oMkQ8Bz6pZu2XgIFoOD1ns/IOB+98p0OmHmPCw4hQ+Z3V9pRWRTKSpF13N3ug==",
      "license": "SEE LICENSE IN license",
      "dependencies": {
        "@syncfusion/ej2-barcode-generator": "~31.1.17",
        "@syncfusion/ej2-base": "~31.1.22",
        "@syncfusion/ej2-blockeditor": "~31.1.23",
        "@syncfusion/ej2-buttons": "~31.1.21",
        "@syncfusion/ej2-calendars": "~31.1.23",
        "@syncfusion/ej2-charts": "~31.1.23",
        "@syncfusion/ej2-circulargauge": "~31.1.17",
        "@syncfusion/ej2-compression": "~31.1.17",
        "@syncfusion/ej2-data": "~31.1.23",
        "@syncfusion/ej2-diagrams": "~31.1.22",
        "@syncfusion/ej2-documenteditor": "~31.1.23",
        "@syncfusion/ej2-drawings": "~31.1.17",
        "@syncfusion/ej2-dropdowns": "~31.1.23",
        "@syncfusion/ej2-excel-export": "~31.1.17",
        "@syncfusion/ej2-file-utils": "~31.1.17",
        "@syncfusion/ej2-filemanager": "~31.1.21",
        "@syncfusion/ej2-gantt": "~31.1.23",
        "@syncfusion/ej2-grid-chart": "~31.1.17",
        "@syncfusion/ej2-grids": "~31.1.23",
        "@syncfusion/ej2-heatmap": "~31.1.21",
        "@syncfusion/ej2-icons": "~31.1.17",
        "@syncfusion/ej2-image-editor": "~31.1.22",
        "@syncfusion/ej2-inplace-editor": "~31.1.17",
        "@syncfusion/ej2-inputs": "~31.1.23",
        "@syncfusion/ej2-interactive-chat": "~31.1.23",
        "@syncfusion/ej2-kanban": "~31.1.17",
        "@syncfusion/ej2-layouts": "~31.1.22",
        "@syncfusion/ej2-lineargauge": "~31.1.17",
        "@syncfusion/ej2-lists": "~31.1.17",
        "@syncfusion/ej2-maps": "~31.1.17",
        "@syncfusion/ej2-multicolumn-combobox": "~31.1.17",
        "@syncfusion/ej2-navigations": "~31.1.20",
        "@syncfusion/ej2-notifications": "~31.1.17",
        "@syncfusion/ej2-office-chart": "~31.1.17",
        "@syncfusion/ej2-pdf": "~31.1.23",
        "@syncfusion/ej2-pdf-data-extract": "~31.1.23",
        "@syncfusion/ej2-pdf-export": "~31.1.17",
        "@syncfusion/ej2-pdfviewer": "~31.1.23",
        "@syncfusion/ej2-pivotview": "~31.1.23",
        "@syncfusion/ej2-popups": "~31.1.20",
        "@syncfusion/ej2-progressbar": "~31.1.22",
        "@syncfusion/ej2-querybuilder": "~31.1.22",
        "@syncfusion/ej2-ribbon": "~31.1.22",
        "@syncfusion/ej2-richtexteditor": "~31.1.23",
        "@syncfusion/ej2-schedule": "~31.1.21",
        "@syncfusion/ej2-splitbuttons": "~31.1.17",
        "@syncfusion/ej2-spreadsheet": "~31.1.22",
        "@syncfusion/ej2-svg-base": "~31.1.17",
        "@syncfusion/ej2-treegrid": "~31.1.22",
        "@syncfusion/ej2-treemap": "~31.1.17"
      }
    },
    "node_modules/@syncfusion/ej2-barcode-generator": {
      "version": "31.1.17",
      "resolved": "https://registry.npmjs.org/@syncfusion/ej2-barcode-generator/-/ej2-barcode-generator-31.1.17.tgz",
      "integrity": "sha512-aPGqBdMkphquuJaHSZs8rFjIJnMCK67IYFsoNeWhf7guPpryaLIKC01p/sYbmoD9hkU2lw7i0wErq338UDclGw==",
      "license": "SEE LICENSE IN license",
      "dependencies": {
        "@syncfusion/ej2-base": "~31.1.17",
        "@syncfusion/ej2-data": "~31.1.17"
      }
    },
    "node_modules/@syncfusion/ej2-base": {
      "version": "31.1.22",
      "resolved": "https://registry.npmjs.org/@syncfusion/ej2-base/-/ej2-base-31.1.22.tgz",
      "integrity": "sha512-zgNULXYUFG8Cr2ML8VcUqj8EcQSVd/eXNnD8APZdOjELJPE1ZzeNmRzCab16A/hqCZ+wAXwKmjaTC0I6xiXjSQ==",
      "license": "SEE LICENSE IN license",
      "dependencies": {
        "@syncfusion/ej2-icons": "~31.1.17"
      },
      "bin": {
        "syncfusion-license": "bin/syncfusion-license.js"
      }
    },
    "node_modules/@syncfusion/ej2-blockeditor": {
      "version": "31.1.23",
      "resolved": "https://registry.npmjs.org/@syncfusion/ej2-blockeditor/-/ej2-blockeditor-31.1.23.tgz",
      "integrity": "sha512-pP5F8Xuc00VMvTSERIo8GhOAF7iCKAovxqc98zb8cvBB085VbKjg/PutQ/A0rCrFKt1Vg7mc8BG6On2vi6epug==",
      "license": "SEE LICENSE IN license",
      "dependencies": {
        "@syncfusion/ej2-base": "~31.1.22",
        "@syncfusion/ej2-dropdowns": "~31.1.23"
      }
    },
    "node_modules/@syncfusion/ej2-buttons": {
      "version": "31.1.21",
      "resolved": "https://registry.npmjs.org/@syncfusion/ej2-buttons/-/ej2-buttons-31.1.21.tgz",
      "integrity": "sha512-NcBMK19Yn7//bwbREsdvqy3v1237AzulrphSmeS9SrKMd7L5H6apeqFe1BAkvAs/K+JPpt6A3Dv6Fhl3SkVcUg==",
      "license": "SEE LICENSE IN license",
      "dependencies": {
        "@syncfusion/ej2-base": "~31.1.20"
      }
    },
    "node_modules/@syncfusion/ej2-calendars": {
      "version": "31.1.23",
      "resolved": "https://registry.npmjs.org/@syncfusion/ej2-calendars/-/ej2-calendars-31.1.23.tgz",
      "integrity": "sha512-p5dxxc0xOtLza8qFaPud45byREztZNC4fzdRWAJRwBfUDhHRa1rXSjUDdYqFV3bFcUaM/hGdS+81uH1bFoF6yQ==",
      "license": "SEE LICENSE IN license",
      "dependencies": {
        "@syncfusion/ej2-base": "~31.1.22",
        "@syncfusion/ej2-buttons": "~31.1.21",
        "@syncfusion/ej2-inputs": "~31.1.23",
        "@syncfusion/ej2-lists": "~31.1.17",
        "@syncfusion/ej2-popups": "~31.1.20"
      }
    },
    "node_modules/@syncfusion/ej2-charts": {
      "version": "31.1.23",
      "resolved": "https://registry.npmjs.org/@syncfusion/ej2-charts/-/ej2-charts-31.1.23.tgz",
      "integrity": "sha512-UY/01xJQBWqf83Oxi+p+cfiZzKDGTJqSkQg0SPbUmu6oWMKhr13HouTN2gSRsCoFgZdGzyDpzgqH0mG2FGbUow==",
      "license": "SEE LICENSE IN license",
      "dependencies": {
        "@syncfusion/ej2-base": "~31.1.22",
        "@syncfusion/ej2-calendars": "~31.1.23",
        "@syncfusion/ej2-data": "~31.1.23",
        "@syncfusion/ej2-excel-export": "~31.1.17",
        "@syncfusion/ej2-navigations": "~31.1.20",
        "@syncfusion/ej2-pdf-export": "~31.1.17",
        "@syncfusion/ej2-svg-base": "~31.1.17"
      }
    },
    "node_modules/@syncfusion/ej2-circulargauge": {
      "version": "31.1.17",
      "resolved": "https://registry.npmjs.org/@syncfusion/ej2-circulargauge/-/ej2-circulargauge-31.1.17.tgz",
      "integrity": "sha512-M1tWxxGR9muxm01QZJ7wniMLKBBeFZJhCSaNDS9q/ZZOdrVnpGuTXNPAlSfDsHE8bEGHrPKknoyHIb77hdcN9A==",
      "license": "SEE LICENSE IN license",
      "dependencies": {
        "@syncfusion/ej2-base": "~31.1.17",
        "@syncfusion/ej2-pdf-export": "~31.1.17",
        "@syncfusion/ej2-svg-base": "~31.1.17"
      }
    },
    "node_modules/@syncfusion/ej2-compression": {
      "version": "31.1.17",
      "resolved": "https://registry.npmjs.org/@syncfusion/ej2-compression/-/ej2-compression-31.1.17.tgz",
      "integrity": "sha512-Gl+IDD9GEiTc/lIsMPNGVNDqQojL7q2qehVuFGjaXxE9xKzOiU805+uuhmbJg3kldHFNsdAMDJeKPy4ubwf8bg==",
      "license": "SEE LICENSE IN license",
      "dependencies": {
        "@syncfusion/ej2-file-utils": "~31.1.17"
      }
    },
    "node_modules/@syncfusion/ej2-data": {
      "version": "31.1.23",
      "resolved": "https://registry.npmjs.org/@syncfusion/ej2-data/-/ej2-data-31.1.23.tgz",
      "integrity": "sha512-87MaU1VS4pQZz0Xb8OzBPt9U3fsC8GZwEaKsu4FzmAxiP8OVDQw7EAPDkgu8RbuSQ2NGO4/lO6W/wS9zl9EjhQ==",
      "license": "SEE LICENSE IN license",
      "dependencies": {
        "@syncfusion/ej2-base": "~31.1.22"
      }
    },
    "node_modules/@syncfusion/ej2-diagrams": {
      "version": "31.1.22",
      "resolved": "https://registry.npmjs.org/@syncfusion/ej2-diagrams/-/ej2-diagrams-31.1.22.tgz",
      "integrity": "sha512-7VTFwlEkNCF7homAL+UOeOAWuWGcItqQGr4+dKoEACSuamzXURcZrZPultpakav9wq7kBox1tE9m/ROeAJmFNg==",
      "license": "SEE LICENSE IN license",
      "dependencies": {
        "@syncfusion/ej2-base": "~31.1.22",
        "@syncfusion/ej2-buttons": "~31.1.21",
        "@syncfusion/ej2-data": "~31.1.17",
        "@syncfusion/ej2-inputs": "~31.1.22",
        "@syncfusion/ej2-lists": "~31.1.17",
        "@syncfusion/ej2-navigations": "~31.1.20",
        "@syncfusion/ej2-popups": "~31.1.20"
      }
    },
    "node_modules/@syncfusion/ej2-documenteditor": {
      "version": "31.1.23",
      "resolved": "https://registry.npmjs.org/@syncfusion/ej2-documenteditor/-/ej2-documenteditor-31.1.23.tgz",
      "integrity": "sha512-b/0yc9V3hxfsLzCZsZJH0MzOMnjbeWRE4QIQeFkI13YNbyi76sAVC4poSxuHAowOnpZLUQ3FtDjvvXZ0s3cdNA==",
      "license": "SEE LICENSE IN license",
      "dependencies": {
        "@syncfusion/ej2-base": "~31.1.22",
        "@syncfusion/ej2-buttons": "~31.1.21",
        "@syncfusion/ej2-calendars": "~31.1.23",
        "@syncfusion/ej2-compression": "~31.1.17",
        "@syncfusion/ej2-dropdowns": "~31.1.23",
        "@syncfusion/ej2-file-utils": "~31.1.17",
        "@syncfusion/ej2-inputs": "~31.1.23",
        "@syncfusion/ej2-navigations": "~31.1.20",
        "@syncfusion/ej2-office-chart": "~31.1.17",
        "@syncfusion/ej2-popups": "~31.1.20",
        "@syncfusion/ej2-ribbon": "~31.1.22",
        "@syncfusion/ej2-splitbuttons": "~31.1.17"
      }
    },
    "node_modules/@syncfusion/ej2-drawings": {
      "version": "31.1.17",
      "resolved": "https://registry.npmjs.org/@syncfusion/ej2-drawings/-/ej2-drawings-31.1.17.tgz",
      "integrity": "sha512-KOojtRMppQyZYmNRC9V9035GxGpgRebnq3x9ND9Rh6/ivBai7cmXo9C6DwpDR/JK64WYYpqd6t8COZ71dtdutA==",
      "license": "SEE LICENSE IN license",
      "dependencies": {
        "@syncfusion/ej2-base": "~31.1.17",
        "@syncfusion/ej2-data": "~31.1.17"
      }
    },
    "node_modules/@syncfusion/ej2-dropdowns": {
      "version": "31.1.23",
      "resolved": "https://registry.npmjs.org/@syncfusion/ej2-dropdowns/-/ej2-dropdowns-31.1.23.tgz",
      "integrity": "sha512-T/NNxkzuzSuIQxJl7R0GB3YUGt+T358lHwaafuHp1uLIPW39dt8VXdKSLnKEcufDubMTx25cf9cuOP3hP6gO/w==",
      "license": "SEE LICENSE IN license",
      "dependencies": {
        "@syncfusion/ej2-base": "~31.1.22",
        "@syncfusion/ej2-data": "~31.1.23",
        "@syncfusion/ej2-inputs": "~31.1.23",
        "@syncfusion/ej2-lists": "~31.1.17",
        "@syncfusion/ej2-navigations": "~31.1.20",
        "@syncfusion/ej2-notifications": "~31.1.17",
        "@syncfusion/ej2-popups": "~31.1.20"
      }
    },
    "node_modules/@syncfusion/ej2-excel-export": {
      "version": "31.1.17",
      "resolved": "https://registry.npmjs.org/@syncfusion/ej2-excel-export/-/ej2-excel-export-31.1.17.tgz",
      "integrity": "sha512-m6GyoLkp1miq/GDYTr471x2+2ZKHKfGvXRcAK2d9xNOG+kBKFxhbt8AkZxbnhFZXeaAfpKkv5kZ0uCpbsPPwgw==",
      "license": "SEE LICENSE IN license",
      "dependencies": {
        "@syncfusion/ej2-base": "~31.1.17",
        "@syncfusion/ej2-compression": "~31.1.17"
      }
    },
    "node_modules/@syncfusion/ej2-file-utils": {
      "version": "31.1.17",
      "resolved": "https://registry.npmjs.org/@syncfusion/ej2-file-utils/-/ej2-file-utils-31.1.17.tgz",
      "integrity": "sha512-CzCB3KSIKRJo9VG7uP5pqPyH8shR0pBM2UDRP9BH2Gvl8YjLmV6QoPWa5aMCkFX0t0BHn1rlfh9sk+rq6LmD8Q==",
      "license": "SEE LICENSE IN license"
    },
    "node_modules/@syncfusion/ej2-filemanager": {
      "version": "31.1.21",
      "resolved": "https://registry.npmjs.org/@syncfusion/ej2-filemanager/-/ej2-filemanager-31.1.21.tgz",
      "integrity": "sha512-va82snsJTQbDDphfEWqSOJUt1H80nL11NFb/ut4GKa4k/5Z0Vdj3wHSzMQ+1rDsP/lytls9IvBa8WhEHAN+m8w==",
      "license": "SEE LICENSE IN license",
      "dependencies": {
        "@syncfusion/ej2-base": "~31.1.20",
        "@syncfusion/ej2-buttons": "~31.1.21",
        "@syncfusion/ej2-data": "~31.1.17",
        "@syncfusion/ej2-grids": "~31.1.21",
        "@syncfusion/ej2-inputs": "~31.1.21",
        "@syncfusion/ej2-layouts": "~31.1.17",
        "@syncfusion/ej2-lists": "~31.1.17",
        "@syncfusion/ej2-navigations": "~31.1.20",
        "@syncfusion/ej2-popups": "~31.1.20",
        "@syncfusion/ej2-splitbuttons": "~31.1.17"
      }
    },
    "node_modules/@syncfusion/ej2-gantt": {
      "version": "31.1.23",
      "resolved": "https://registry.npmjs.org/@syncfusion/ej2-gantt/-/ej2-gantt-31.1.23.tgz",
      "integrity": "sha512-chH+RAlPsnSeqiAC6ETPZbtqdC0as0qc/OHngbF9DdoRMTTA0tU57QlRadFS+BdyVPX5+UqLtM9EqvG4ipHhmQ==",
      "license": "SEE LICENSE IN license",
      "dependencies": {
        "@syncfusion/ej2-base": "~31.1.22",
        "@syncfusion/ej2-buttons": "~31.1.21",
        "@syncfusion/ej2-calendars": "~31.1.23",
        "@syncfusion/ej2-data": "~31.1.23",
        "@syncfusion/ej2-dropdowns": "~31.1.23",
        "@syncfusion/ej2-grids": "~31.1.23",
        "@syncfusion/ej2-inputs": "~31.1.23",
        "@syncfusion/ej2-layouts": "~31.1.22",
        "@syncfusion/ej2-lists": "~31.1.17",
        "@syncfusion/ej2-navigations": "~31.1.20",
        "@syncfusion/ej2-notifications": "~31.1.17",
        "@syncfusion/ej2-popups": "~31.1.20",
        "@syncfusion/ej2-richtexteditor": "~31.1.23",
        "@syncfusion/ej2-svg-base": "~31.1.17",
        "@syncfusion/ej2-treegrid": "~31.1.22"
      }
    },
    "node_modules/@syncfusion/ej2-grid-chart": {
      "version": "31.1.17",
      "resolved": "https://registry.npmjs.org/@syncfusion/ej2-grid-chart/-/ej2-grid-chart-31.1.17.tgz",
      "integrity": "sha512-4qP3qF7AunZsVQGxKlAk8mTWGJSv0E846Ixv58RPv53rttgLx6mO0cVRUrTI36RH19NkKXWGMyW1J+wmPAT6vg==",
      "license": "SEE LICENSE IN license",
      "dependencies": {
        "@syncfusion/ej2-base": "~31.1.17",
        "@syncfusion/ej2-buttons": "~31.1.17",
        "@syncfusion/ej2-charts": "~31.1.17",
        "@syncfusion/ej2-dropdowns": "~31.1.17",
        "@syncfusion/ej2-grids": "~31.1.17",
        "@syncfusion/ej2-inputs": "~31.1.17",
        "@syncfusion/ej2-navigations": "~31.1.17",
        "@syncfusion/ej2-popups": "~31.1.17"
      }
    },
    "node_modules/@syncfusion/ej2-grids": {
      "version": "31.1.23",
      "resolved": "https://registry.npmjs.org/@syncfusion/ej2-grids/-/ej2-grids-31.1.23.tgz",
      "integrity": "sha512-vmgXlfGvuiM3smGoiCZADtGPOjPVYU8f0BCU4rVJHC/wjRTV2hjktfnbiPqNXve7Bd/iiercLS5b9qVknzAH4w==",
      "license": "SEE LICENSE IN license",
      "dependencies": {
        "@syncfusion/ej2-base": "~31.1.22",
        "@syncfusion/ej2-buttons": "~31.1.21",
        "@syncfusion/ej2-calendars": "~31.1.23",
        "@syncfusion/ej2-compression": "~31.1.17",
        "@syncfusion/ej2-data": "~31.1.23",
        "@syncfusion/ej2-dropdowns": "~31.1.23",
        "@syncfusion/ej2-excel-export": "~31.1.17",
        "@syncfusion/ej2-file-utils": "~31.1.17",
        "@syncfusion/ej2-inputs": "~31.1.23",
        "@syncfusion/ej2-lists": "~31.1.17",
        "@syncfusion/ej2-navigations": "~31.1.20",
        "@syncfusion/ej2-notifications": "~31.1.17",
        "@syncfusion/ej2-pdf-export": "~31.1.17",
        "@syncfusion/ej2-popups": "~31.1.20",
        "@syncfusion/ej2-splitbuttons": "~31.1.17"
      }
    },
    "node_modules/@syncfusion/ej2-heatmap": {
      "version": "31.1.21",
      "resolved": "https://registry.npmjs.org/@syncfusion/ej2-heatmap/-/ej2-heatmap-31.1.21.tgz",
      "integrity": "sha512-1pp2nsUF0w0PUPVyOWHETgzm3v2elRbZpSyOCuEtcgV6+vwMbaP7kRbRkJBGkSytnRE7UPdSwt4dSx0CuwfhFQ==",
      "license": "SEE LICENSE IN license",
      "dependencies": {
        "@syncfusion/ej2-base": "~31.1.20",
        "@syncfusion/ej2-compression": "~31.1.17",
        "@syncfusion/ej2-data": "~31.1.17",
        "@syncfusion/ej2-file-utils": "~31.1.17",
        "@syncfusion/ej2-pdf-export": "~31.1.17",
        "@syncfusion/ej2-svg-base": "~31.1.17"
      }
    },
    "node_modules/@syncfusion/ej2-icons": {
      "version": "31.1.17",
      "resolved": "https://registry.npmjs.org/@syncfusion/ej2-icons/-/ej2-icons-31.1.17.tgz",
      "integrity": "sha512-5IkOJyoUL7MoOjRE+hf2jC/dCjS+Q1Z34oz49mSvK1vKc2kcYR5Wa7o49uwjAgmJUSZK8O2cGE0M3HHSBFIKSw==",
      "license": "SEE LICENSE IN license"
    },
    "node_modules/@syncfusion/ej2-image-editor": {
      "version": "31.1.22",
      "resolved": "https://registry.npmjs.org/@syncfusion/ej2-image-editor/-/ej2-image-editor-31.1.22.tgz",
      "integrity": "sha512-GAYZW+x8gdgI+Zhi205od0ygiIUmTqj0hRx/AARO/qibW0cMzsNO2T1gR7BUEp1O6DB2cEy7b/vvCc4mU4JI+g==",
      "license": "SEE LICENSE IN license",
      "dependencies": {
        "@syncfusion/ej2-base": "~31.1.22",
        "@syncfusion/ej2-buttons": "~31.1.21",
        "@syncfusion/ej2-dropdowns": "~31.1.22",
        "@syncfusion/ej2-inputs": "~31.1.22",
        "@syncfusion/ej2-navigations": "~31.1.20",
        "@syncfusion/ej2-popups": "~31.1.20",
        "@syncfusion/ej2-splitbuttons": "~31.1.17"
      }
    },
    "node_modules/@syncfusion/ej2-inplace-editor": {
      "version": "31.1.17",
      "resolved": "https://registry.npmjs.org/@syncfusion/ej2-inplace-editor/-/ej2-inplace-editor-31.1.17.tgz",
      "integrity": "sha512-/RJnKKno9Yk1DsgiAWy2vZBYG4X1Z8mq4lKFWdm+KMcVluCnqg/RI5GCHyoZ7sKRnuQ/us+dcLuFFATzPSXRXQ==",
      "license": "SEE LICENSE IN license",
      "dependencies": {
        "@syncfusion/ej2-base": "~31.1.17",
        "@syncfusion/ej2-buttons": "~31.1.17",
        "@syncfusion/ej2-calendars": "~31.1.17",
        "@syncfusion/ej2-data": "~31.1.17",
        "@syncfusion/ej2-dropdowns": "~31.1.17",
        "@syncfusion/ej2-inputs": "~31.1.17",
        "@syncfusion/ej2-lists": "~31.1.17",
        "@syncfusion/ej2-navigations": "~31.1.17",
        "@syncfusion/ej2-notifications": "~31.1.17",
        "@syncfusion/ej2-popups": "~31.1.17",
        "@syncfusion/ej2-richtexteditor": "~31.1.17",
        "@syncfusion/ej2-splitbuttons": "~31.1.17"
      }
    },
    "node_modules/@syncfusion/ej2-inputs": {
      "version": "31.1.23",
      "resolved": "https://registry.npmjs.org/@syncfusion/ej2-inputs/-/ej2-inputs-31.1.23.tgz",
      "integrity": "sha512-Ct1hcTWe+NRJG4Jz28lCGjM0wNXsBkjea1R7nxDKU8WrDFNaxNl7YT6eEWaK+wR/7OpHz9d6lilpvGb/yRaw7Q==",
      "license": "SEE LICENSE IN license",
      "dependencies": {
        "@syncfusion/ej2-base": "~31.1.22",
        "@syncfusion/ej2-buttons": "~31.1.21",
        "@syncfusion/ej2-popups": "~31.1.20",
        "@syncfusion/ej2-splitbuttons": "~31.1.17"
      }
    },
    "node_modules/@syncfusion/ej2-interactive-chat": {
      "version": "31.1.23",
      "resolved": "https://registry.npmjs.org/@syncfusion/ej2-interactive-chat/-/ej2-interactive-chat-31.1.23.tgz",
      "integrity": "sha512-zN0/hc3u5yMJo+rdnMea32cMLRDhSBW7YdUxUEJPtOXZLxWvTFS0DTbvFP+9fzS99h+eW09LLEoloU4/aEKuKg==",
      "license": "SEE LICENSE IN license",
      "dependencies": {
        "@syncfusion/ej2-base": "~31.1.22",
        "@syncfusion/ej2-dropdowns": "~31.1.23",
        "@syncfusion/ej2-inputs": "~31.1.23",
        "@syncfusion/ej2-navigations": "~31.1.20",
        "@syncfusion/ej2-notifications": "~31.1.17",
        "@syncfusion/ej2-popups": "~31.1.20",
        "@syncfusion/ej2-splitbuttons": "~31.1.17"
      }
    },
    "node_modules/@syncfusion/ej2-kanban": {
      "version": "31.1.17",
      "resolved": "https://registry.npmjs.org/@syncfusion/ej2-kanban/-/ej2-kanban-31.1.17.tgz",
      "integrity": "sha512-8GF3+6nmJWsNC1aEEjY4nvHvIvZv4FkNN1WXtd/Voy62OJhV3PLyxnugE0+ZE7PFbQncUCc9XcWJM/NJwji2Ug==",
      "license": "SEE LICENSE IN license",
      "dependencies": {
        "@syncfusion/ej2-base": "~31.1.17",
        "@syncfusion/ej2-buttons": "~31.1.17",
        "@syncfusion/ej2-data": "~31.1.17",
        "@syncfusion/ej2-dropdowns": "~31.1.17",
        "@syncfusion/ej2-inputs": "~31.1.17",
        "@syncfusion/ej2-layouts": "~31.1.17",
        "@syncfusion/ej2-navigations": "~31.1.17",
        "@syncfusion/ej2-notifications": "~31.1.17",
        "@syncfusion/ej2-popups": "~31.1.17"
      }
    },
    "node_modules/@syncfusion/ej2-layouts": {
      "version": "31.1.22",
      "resolved": "https://registry.npmjs.org/@syncfusion/ej2-layouts/-/ej2-layouts-31.1.22.tgz",
      "integrity": "sha512-YJbn1l35RZ42Osw7Pm945Vhpc89j2Vf/IS7A6hDplEf4K24O0uVxUjJ3jp3yowWdt572phpai0IkL4tSWwSDZw==",
      "license": "SEE LICENSE IN license",
      "dependencies": {
        "@syncfusion/ej2-base": "~31.1.22"
      }
    },
    "node_modules/@syncfusion/ej2-lineargauge": {
      "version": "31.1.17",
      "resolved": "https://registry.npmjs.org/@syncfusion/ej2-lineargauge/-/ej2-lineargauge-31.1.17.tgz",
      "integrity": "sha512-F8mCh+6CtkhXqHj9s85yR4fDx7sURQ5bpwxHBgOZXSYRcoT3/LFgETxhPSihEs+yeHBmvSt20aKcTce/9FPLWg==",
      "license": "SEE LICENSE IN license",
      "dependencies": {
        "@syncfusion/ej2-base": "~31.1.17",
        "@syncfusion/ej2-pdf-export": "~31.1.17",
        "@syncfusion/ej2-svg-base": "~31.1.17"
      }
    },
    "node_modules/@syncfusion/ej2-lists": {
      "version": "31.1.17",
      "resolved": "https://registry.npmjs.org/@syncfusion/ej2-lists/-/ej2-lists-31.1.17.tgz",
      "integrity": "sha512-EyU/yUflRQ2hsGvOiguCdqdAeyUmojwllVgnx89MZyJ4zuCSU+OhbETJZ7BB2+8uhleq1cJ3wTY2PtHpBrPErw==",
      "license": "SEE LICENSE IN license",
      "dependencies": {
        "@syncfusion/ej2-base": "~31.1.17",
        "@syncfusion/ej2-buttons": "~31.1.17",
        "@syncfusion/ej2-data": "~31.1.17",
        "@syncfusion/ej2-popups": "~31.1.17"
      }
    },
    "node_modules/@syncfusion/ej2-maps": {
      "version": "31.1.17",
      "resolved": "https://registry.npmjs.org/@syncfusion/ej2-maps/-/ej2-maps-31.1.17.tgz",
      "integrity": "sha512-7SqkzTf/BEjqxotMIxTxBVOFk6BIRf1b48meAJypWR86CCN35zc4yW3vpsnMFvJUrFozDrJi+ROFbh+buJVSaw==",
      "license": "SEE LICENSE IN license",
      "dependencies": {
        "@syncfusion/ej2-base": "~31.1.17",
        "@syncfusion/ej2-buttons": "~31.1.17",
        "@syncfusion/ej2-compression": "~31.1.17",
        "@syncfusion/ej2-data": "~31.1.17",
        "@syncfusion/ej2-file-utils": "~31.1.17",
        "@syncfusion/ej2-pdf-export": "~31.1.17",
        "@syncfusion/ej2-svg-base": "~31.1.17"
      }
    },
    "node_modules/@syncfusion/ej2-multicolumn-combobox": {
      "version": "31.1.17",
      "resolved": "https://registry.npmjs.org/@syncfusion/ej2-multicolumn-combobox/-/ej2-multicolumn-combobox-31.1.17.tgz",
      "integrity": "sha512-W0SkZ+ifuVrZsiNsJhmL+piFWGUFYAIfqIJCxMYvoxO3FLImTWd+JJ5C9wU5T93vAtbSdjACxjo0kQr4BXqQnA==",
      "license": "SEE LICENSE IN license",
      "dependencies": {
        "@syncfusion/ej2-base": "~31.1.17",
        "@syncfusion/ej2-grids": "~31.1.17"
      }
    },
    "node_modules/@syncfusion/ej2-navigations": {
      "version": "31.1.20",
      "resolved": "https://registry.npmjs.org/@syncfusion/ej2-navigations/-/ej2-navigations-31.1.20.tgz",
      "integrity": "sha512-KzJT4vHbMF9ooq8o41xwYUJX70Dr96mMEaRYJusRv/RJ+1zM/UvHhgX8n15TIFTXexH1y+KwkFvYaGchcokBgA==",
      "license": "SEE LICENSE IN license",
      "dependencies": {
        "@syncfusion/ej2-base": "~31.1.20",
        "@syncfusion/ej2-buttons": "~31.1.17",
        "@syncfusion/ej2-data": "~31.1.17",
        "@syncfusion/ej2-inputs": "~31.1.20",
        "@syncfusion/ej2-lists": "~31.1.17",
        "@syncfusion/ej2-popups": "~31.1.20"
      }
    },
    "node_modules/@syncfusion/ej2-notifications": {
      "version": "31.1.17",
      "resolved": "https://registry.npmjs.org/@syncfusion/ej2-notifications/-/ej2-notifications-31.1.17.tgz",
      "integrity": "sha512-1D3qVwrwXq6Umwz/SRTMqY0eBLvh57uswk+8CYVirPMVef9CK/pC70KOoVFoy3xkBg6iFaxud4bZwVDCCRMHHQ==",
      "license": "SEE LICENSE IN license",
      "dependencies": {
        "@syncfusion/ej2-base": "~31.1.17",
        "@syncfusion/ej2-buttons": "~31.1.17",
        "@syncfusion/ej2-popups": "~31.1.17"
      }
    },
    "node_modules/@syncfusion/ej2-office-chart": {
      "version": "31.1.17",
      "resolved": "https://registry.npmjs.org/@syncfusion/ej2-office-chart/-/ej2-office-chart-31.1.17.tgz",
      "integrity": "sha512-dVv6bTWlZnHpXkH3pC37VhxJW58JMEKU5Vf8W9on2f8NQCr8f/bMxTQ+dJrN9HEHR3iqIrwz5aHPW20PYmlvxA==",
      "license": "SEE LICENSE IN license",
      "dependencies": {
        "@syncfusion/ej2-charts": "~31.1.17"
      }
    },
    "node_modules/@syncfusion/ej2-pdf": {
      "version": "31.1.23",
      "resolved": "https://registry.npmjs.org/@syncfusion/ej2-pdf/-/ej2-pdf-31.1.23.tgz",
      "integrity": "sha512-tZQwB2VDTFZuk8gU2zWjqMNgbB8odq4IdLorpm7GvoulJxmSy5C2DanG9MW+wGitHwbC7XTEmmT92/IymlKlYQ==",
      "license": "SEE LICENSE IN license",
      "dependencies": {
        "@syncfusion/ej2-base": "~31.1.22",
        "@syncfusion/ej2-compression": "~31.1.17"
      }
    },
    "node_modules/@syncfusion/ej2-pdf-data-extract": {
      "version": "31.1.23",
      "resolved": "https://registry.npmjs.org/@syncfusion/ej2-pdf-data-extract/-/ej2-pdf-data-extract-31.1.23.tgz",
      "integrity": "sha512-4FzEBN32U1osrFLPuBiQBC9PdJTTaOSRUJvlQmPmfvNE702bWEd0eqAa8Pw40P1xxytF+Re3dHE/l/vWQcEU7Q==",
      "license": "SEE LICENSE IN license",
      "dependencies": {
        "@syncfusion/ej2-base": "~31.1.22",
        "@syncfusion/ej2-compression": "~31.1.17",
        "@syncfusion/ej2-pdf": "~31.1.23"
      }
    },
    "node_modules/@syncfusion/ej2-pdf-export": {
      "version": "31.1.17",
      "resolved": "https://registry.npmjs.org/@syncfusion/ej2-pdf-export/-/ej2-pdf-export-31.1.17.tgz",
      "integrity": "sha512-GbUMp2e8NpiZ/FwjDhPrUcXwPcXI5N8m2eENnqQYV7WRJCnHjjd9IEVTpZJeGRZNVcMPcauMng0Vxz2La7FBlA==",
      "license": "SEE LICENSE IN license",
      "dependencies": {
        "@syncfusion/ej2-compression": "~31.1.17"
      }
    },
    "node_modules/@syncfusion/ej2-pdfviewer": {
      "version": "31.1.23",
      "resolved": "https://registry.npmjs.org/@syncfusion/ej2-pdfviewer/-/ej2-pdfviewer-31.1.23.tgz",
      "integrity": "sha512-kgcS8D9c03/+xTtegIF9a6LZ+KmRGz6aRdtFEuiCsgb07VRb56tT+6KaVFWapVWLjRMb5bhZJ8pbAyxVD95Kdw==",
      "license": "SEE LICENSE IN license",
      "dependencies": {
        "@syncfusion/ej2-base": "~31.1.22",
        "@syncfusion/ej2-buttons": "~31.1.21",
        "@syncfusion/ej2-data": "~31.1.23",
        "@syncfusion/ej2-drawings": "~31.1.17",
        "@syncfusion/ej2-dropdowns": "~31.1.23",
        "@syncfusion/ej2-inplace-editor": "~31.1.17",
        "@syncfusion/ej2-inputs": "~31.1.23",
        "@syncfusion/ej2-lists": "~31.1.17",
        "@syncfusion/ej2-navigations": "~31.1.20",
        "@syncfusion/ej2-notifications": "~31.1.17",
        "@syncfusion/ej2-pdf": "~31.1.23",
        "@syncfusion/ej2-popups": "~31.1.20"
      }
    },
    "node_modules/@syncfusion/ej2-pivotview": {
      "version": "31.1.23",
      "resolved": "https://registry.npmjs.org/@syncfusion/ej2-pivotview/-/ej2-pivotview-31.1.23.tgz",
      "integrity": "sha512-BUoFWPm3Y8phJRlk1j6ttnICQAPul1/Th7Byz7SG3nmOoci8fqmQDd4GIWPA2kbXpj1Oynlb5uSaCpOncG//dA==",
      "license": "SEE LICENSE IN license",
      "dependencies": {
        "@syncfusion/ej2-base": "~31.1.22",
        "@syncfusion/ej2-buttons": "~31.1.21",
        "@syncfusion/ej2-calendars": "~31.1.23",
        "@syncfusion/ej2-charts": "~31.1.23",
        "@syncfusion/ej2-compression": "~31.1.17",
        "@syncfusion/ej2-data": "~31.1.23",
        "@syncfusion/ej2-dropdowns": "~31.1.23",
        "@syncfusion/ej2-excel-export": "~31.1.17",
        "@syncfusion/ej2-file-utils": "~31.1.17",
        "@syncfusion/ej2-grids": "~31.1.23",
        "@syncfusion/ej2-inputs": "~31.1.23",
        "@syncfusion/ej2-lists": "~31.1.17",
        "@syncfusion/ej2-navigations": "~31.1.20",
        "@syncfusion/ej2-pdf-export": "~31.1.17",
        "@syncfusion/ej2-popups": "~31.1.20",
        "@syncfusion/ej2-splitbuttons": "~31.1.17",
        "@syncfusion/ej2-svg-base": "~31.1.17"
      }
    },
    "node_modules/@syncfusion/ej2-popups": {
      "version": "31.1.20",
      "resolved": "https://registry.npmjs.org/@syncfusion/ej2-popups/-/ej2-popups-31.1.20.tgz",
      "integrity": "sha512-GRPZWX2ZRNS73GpG8NbhC12eBNNqdMR80nhJrun1ZBVfvPTvd6y5/qvJLWg6/kYN02tM+smgyxfxfwOH4HGi3w==",
      "license": "SEE LICENSE IN license",
      "dependencies": {
        "@syncfusion/ej2-base": "~31.1.20",
        "@syncfusion/ej2-buttons": "~31.1.17"
      }
    },
    "node_modules/@syncfusion/ej2-progressbar": {
      "version": "31.1.22",
      "resolved": "https://registry.npmjs.org/@syncfusion/ej2-progressbar/-/ej2-progressbar-31.1.22.tgz",
      "integrity": "sha512-OFynfaP7UP+/2i8ZNy798Rb/P52FJaKidIbA5KHhK3IE3D5Ne0UbyrnncIMQuALYvV+hOBSPIb7siaMYQxaT3A==",
      "license": "SEE LICENSE IN license",
      "dependencies": {
        "@syncfusion/ej2-base": "~31.1.22",
        "@syncfusion/ej2-data": "~31.1.17",
        "@syncfusion/ej2-svg-base": "~31.1.17"
      }
    },
    "node_modules/@syncfusion/ej2-querybuilder": {
      "version": "31.1.22",
      "resolved": "https://registry.npmjs.org/@syncfusion/ej2-querybuilder/-/ej2-querybuilder-31.1.22.tgz",
      "integrity": "sha512-Q+wUZ2UUyL/qBsqXDaDPzxwyxiX2v0J8L55lXqpNLPqrnAoAbFYfAF6p0LS4aBHrWPWUtw+k/O15yn/AuRhV/A==",
      "license": "SEE LICENSE IN license",
      "dependencies": {
        "@syncfusion/ej2-base": "~31.1.22",
        "@syncfusion/ej2-buttons": "~31.1.21",
        "@syncfusion/ej2-calendars": "~31.1.22",
        "@syncfusion/ej2-dropdowns": "~31.1.22",
        "@syncfusion/ej2-inputs": "~31.1.22",
        "@syncfusion/ej2-splitbuttons": "~31.1.17"
      }
    },
    "node_modules/@syncfusion/ej2-react-base": {
      "version": "31.1.17",
      "resolved": "https://registry.npmjs.org/@syncfusion/ej2-react-base/-/ej2-react-base-31.1.17.tgz",
      "integrity": "sha512-PvR2kvfMEjRE2kOcBSboMMEVkLNsDs9VV5tSfXzYR4aQ5gOvbQcVRQljxjj6lTTG7z3P5OAP6HxYJ0BMLe+E4g==",
      "license": "SEE LICENSE IN license",
      "dependencies": {
        "@syncfusion/ej2-base": "~31.1.17"
      }
    },
    "node_modules/@syncfusion/ej2-react-calendars": {
      "version": "31.1.23",
      "resolved": "https://registry.npmjs.org/@syncfusion/ej2-react-calendars/-/ej2-react-calendars-31.1.23.tgz",
      "integrity": "sha512-iZhLOCa9gDMYvZ904/jRHzPDbPVCBEw2+AjyDOG+1BWYc/BMVMQS62EwG9Wr2JO8hbSkuE7iGkt52SL3oC6bdw==",
      "license": "SEE LICENSE IN license",
      "dependencies": {
        "@syncfusion/ej2-base": "~31.1.22",
        "@syncfusion/ej2-calendars": "31.1.23",
        "@syncfusion/ej2-react-base": "~31.1.17"
      }
    },
    "node_modules/@syncfusion/ej2-react-charts": {
      "version": "31.1.23",
      "resolved": "https://registry.npmjs.org/@syncfusion/ej2-react-charts/-/ej2-react-charts-31.1.23.tgz",
      "integrity": "sha512-p6CIkVuMxlDkY2fV0Qvsvo2TYw2h8lj69S3ihyWN6oJCUkKb7BIiwZIqEef7PHx/wp9NpHgclLrj2IFQcMPZIQ==",
      "license": "SEE LICENSE IN license",
      "dependencies": {
        "@syncfusion/ej2-base": "~31.1.22",
        "@syncfusion/ej2-charts": "31.1.23",
        "@syncfusion/ej2-react-base": "~31.1.17"
      }
    },
    "node_modules/@syncfusion/ej2-react-dropdowns": {
      "version": "31.1.23",
      "resolved": "https://registry.npmjs.org/@syncfusion/ej2-react-dropdowns/-/ej2-react-dropdowns-31.1.23.tgz",
      "integrity": "sha512-SlfHoeH3t+9SfZ+tMUmzWnMe7XbGCUyEzNE04E5tHiuFGTuf0OaHgdkDjWdJRhmcWDl13tKHvV4VYkStBaUsww==",
      "license": "SEE LICENSE IN license",
      "dependencies": {
        "@syncfusion/ej2-base": "~31.1.22",
        "@syncfusion/ej2-dropdowns": "31.1.23",
        "@syncfusion/ej2-react-base": "~31.1.17"
      }
    },
    "node_modules/@syncfusion/ej2-react-grids": {
      "version": "31.1.23",
      "resolved": "https://registry.npmjs.org/@syncfusion/ej2-react-grids/-/ej2-react-grids-31.1.23.tgz",
      "integrity": "sha512-DqYhytRJVZCmpgbG/cY+G9c1/7daQIMX667fPCBDyROAaPtzuFIMzyziwcYmI5hdJNDSLPQjRJ9x5WxYHGY63Q==",
      "license": "SEE LICENSE IN license",
      "dependencies": {
        "@syncfusion/ej2-base": "~31.1.22",
        "@syncfusion/ej2-grids": "31.1.23",
        "@syncfusion/ej2-react-base": "~31.1.17"
      }
    },
    "node_modules/@syncfusion/ej2-react-inputs": {
      "version": "31.1.23",
      "resolved": "https://registry.npmjs.org/@syncfusion/ej2-react-inputs/-/ej2-react-inputs-31.1.23.tgz",
      "integrity": "sha512-M6rWzFQZ2KgxbVuGLYgZNaDPc+XfFT01DWImZvH8+yU5RFCcrPTilNc2pudtyg1yKBM6LZ2nk/IXZPQg3XIrqQ==",
      "license": "SEE LICENSE IN license",
      "dependencies": {
        "@syncfusion/ej2-base": "~31.1.22",
        "@syncfusion/ej2-inputs": "31.1.23",
        "@syncfusion/ej2-react-base": "~31.1.17"
      }
    },
    "node_modules/@syncfusion/ej2-react-kanban": {
      "version": "31.1.17",
      "resolved": "https://registry.npmjs.org/@syncfusion/ej2-react-kanban/-/ej2-react-kanban-31.1.17.tgz",
      "integrity": "sha512-1Q9mUBDtq66aRou1K/iZihojnKPWpcIa2jT4h7V1wwn+d5GMyTbDiOP4mN0ojmqX7F5CROqDJx4gGeLcCTC/Kw==",
      "license": "SEE LICENSE IN license",
      "dependencies": {
        "@syncfusion/ej2-base": "~31.1.17",
        "@syncfusion/ej2-kanban": "31.1.17",
        "@syncfusion/ej2-react-base": "~31.1.17"
      }
    },
    "node_modules/@syncfusion/ej2-react-maps": {
      "version": "31.1.17",
      "resolved": "https://registry.npmjs.org/@syncfusion/ej2-react-maps/-/ej2-react-maps-31.1.17.tgz",
      "integrity": "sha512-dKKVK8VThKzXloSbAoSGm8b7PFIPas4misT0ergZUWloD/bfyYiT0J0wzJL85z/PjrzAZHF6QUX+t8Ni9jhcJQ==",
      "license": "SEE LICENSE IN license",
      "dependencies": {
        "@syncfusion/ej2-base": "~31.1.17",
        "@syncfusion/ej2-maps": "31.1.17",
        "@syncfusion/ej2-react-base": "~31.1.17"
      }
    },
    "node_modules/@syncfusion/ej2-react-popups": {
      "version": "31.1.20",
      "resolved": "https://registry.npmjs.org/@syncfusion/ej2-react-popups/-/ej2-react-popups-31.1.20.tgz",
      "integrity": "sha512-AwG+zoP09eukPJ26j1N2CANo6U4Aw8riD9iuGxqzjjmfePvNIEIUAGUC0nMqmQiYTsRcbq4o7pFjTjqhjeWDmQ==",
      "license": "SEE LICENSE IN license",
      "dependencies": {
        "@syncfusion/ej2-base": "~31.1.20",
        "@syncfusion/ej2-popups": "31.1.20",
        "@syncfusion/ej2-react-base": "~31.1.17"
      }
    },
    "node_modules/@syncfusion/ej2-react-richtexteditor": {
      "version": "31.1.23",
      "resolved": "https://registry.npmjs.org/@syncfusion/ej2-react-richtexteditor/-/ej2-react-richtexteditor-31.1.23.tgz",
      "integrity": "sha512-NDXB1pZtBKIf5sLQWCxfp/21M4PUFImgSIpzYuG7X+6Nsj4Abxbj8311RzOZSsgy7obLT1YlqU8nuW9z7ahdiQ==",
      "license": "SEE LICENSE IN license",
      "dependencies": {
        "@syncfusion/ej2-base": "~31.1.22",
        "@syncfusion/ej2-react-base": "~31.1.17",
        "@syncfusion/ej2-richtexteditor": "31.1.23"
      }
    },
    "node_modules/@syncfusion/ej2-react-schedule": {
      "version": "31.1.21",
      "resolved": "https://registry.npmjs.org/@syncfusion/ej2-react-schedule/-/ej2-react-schedule-31.1.21.tgz",
      "integrity": "sha512-EK39Xrg40XmmxI6SQ62bNDL2AzxWwWeIIYvo4ubLZSj3PD90xcGYw07mVbIUrmesG+mQ5jXxrMo57uhIcDvOHw==",
      "license": "SEE LICENSE IN license",
      "dependencies": {
        "@syncfusion/ej2-base": "~31.1.20",
        "@syncfusion/ej2-react-base": "~31.1.17",
        "@syncfusion/ej2-schedule": "31.1.21"
      }
    },
    "node_modules/@syncfusion/ej2-ribbon": {
      "version": "31.1.22",
      "resolved": "https://registry.npmjs.org/@syncfusion/ej2-ribbon/-/ej2-ribbon-31.1.22.tgz",
      "integrity": "sha512-iPOT3m2oOYCUinSCik70HV2ObOLGF2s12TUl61l1/EfCSCg6LPptDc71JjFKNLZq6Iu24ZjAtlSC+CWRHkEoeg==",
      "license": "SEE LICENSE IN license",
      "dependencies": {
        "@syncfusion/ej2-base": "~31.1.22",
        "@syncfusion/ej2-buttons": "~31.1.21",
        "@syncfusion/ej2-dropdowns": "~31.1.22",
        "@syncfusion/ej2-lists": "~31.1.17",
        "@syncfusion/ej2-navigations": "~31.1.20",
        "@syncfusion/ej2-popups": "~31.1.20",
        "@syncfusion/ej2-splitbuttons": "~31.1.17"
      }
    },
    "node_modules/@syncfusion/ej2-richtexteditor": {
      "version": "31.1.23",
      "resolved": "https://registry.npmjs.org/@syncfusion/ej2-richtexteditor/-/ej2-richtexteditor-31.1.23.tgz",
      "integrity": "sha512-mrc3OdXdMX5E2BOSpaLH+YuW1FD/J8/EaEl6dAAriE9sv0NFQwIoT369Fc7vLt4sXPdstDJWQBlY4hYdK2r7Cg==",
      "license": "SEE LICENSE IN license",
      "dependencies": {
        "@syncfusion/ej2-base": "~31.1.22",
        "@syncfusion/ej2-buttons": "~31.1.21",
        "@syncfusion/ej2-dropdowns": "~31.1.23",
        "@syncfusion/ej2-filemanager": "~31.1.21",
        "@syncfusion/ej2-inputs": "~31.1.23",
        "@syncfusion/ej2-navigations": "~31.1.20",
        "@syncfusion/ej2-popups": "~31.1.20",
        "@syncfusion/ej2-splitbuttons": "~31.1.17"
      }
    },
    "node_modules/@syncfusion/ej2-schedule": {
      "version": "31.1.21",
      "resolved": "https://registry.npmjs.org/@syncfusion/ej2-schedule/-/ej2-schedule-31.1.21.tgz",
      "integrity": "sha512-OXwKKNvkZ06Y66A0yvu0lV6Xd/xafz2LokTB/bXa+0v05txzxAxbjAC95C3yDJUkRA2Mtq1cdyyETxrJX768pA==",
      "license": "SEE LICENSE IN license",
      "dependencies": {
        "@syncfusion/ej2-base": "~31.1.20",
        "@syncfusion/ej2-buttons": "~31.1.21",
        "@syncfusion/ej2-calendars": "~31.1.21",
        "@syncfusion/ej2-data": "~31.1.17",
        "@syncfusion/ej2-dropdowns": "~31.1.20",
        "@syncfusion/ej2-excel-export": "~31.1.17",
        "@syncfusion/ej2-inputs": "~31.1.21",
        "@syncfusion/ej2-lists": "~31.1.17",
        "@syncfusion/ej2-navigations": "~31.1.20",
        "@syncfusion/ej2-popups": "~31.1.20"
      }
    },
    "node_modules/@syncfusion/ej2-splitbuttons": {
      "version": "31.1.17",
      "resolved": "https://registry.npmjs.org/@syncfusion/ej2-splitbuttons/-/ej2-splitbuttons-31.1.17.tgz",
      "integrity": "sha512-8XA9t2wVtSonGnpblqS3FgEoS8sYy6GOh3p99gDKyPI55UYwUcvuHsBaTA/+w4tGwZ5wiNQMKXWaanHXIGvovw==",
      "license": "SEE LICENSE IN license",
      "dependencies": {
        "@syncfusion/ej2-base": "~31.1.17",
        "@syncfusion/ej2-popups": "~31.1.17"
      }
    },
    "node_modules/@syncfusion/ej2-spreadsheet": {
      "version": "31.1.22",
      "resolved": "https://registry.npmjs.org/@syncfusion/ej2-spreadsheet/-/ej2-spreadsheet-31.1.22.tgz",
      "integrity": "sha512-t8xC9m/hGGeWI/yqjAzC2zesxRvzgWkgdCe/xP5PAcsiW90mKrtM5dy/kQEbXxNDyQFqpWWpCpoBA+oMeu2mbA==",
      "license": "SEE LICENSE IN license",
      "dependencies": {
        "@syncfusion/ej2-base": "~31.1.22",
        "@syncfusion/ej2-charts": "~31.1.22",
        "@syncfusion/ej2-dropdowns": "~31.1.22",
        "@syncfusion/ej2-grids": "~31.1.22",
        "@syncfusion/ej2-navigations": "~31.1.20"
      }
    },
    "node_modules/@syncfusion/ej2-svg-base": {
      "version": "31.1.17",
      "resolved": "https://registry.npmjs.org/@syncfusion/ej2-svg-base/-/ej2-svg-base-31.1.17.tgz",
      "integrity": "sha512-hIj8/OLbrOdlGINaBcVeJkf7M13/WBOOlej3OcM+E6Paf2/XcwpYh++G+hXr0oXZZNFwBFBIuVD9U4D/o2OMpw==",
      "license": "SEE LICENSE IN license",
      "dependencies": {
        "@syncfusion/ej2-base": "~31.1.17"
      }
    },
    "node_modules/@syncfusion/ej2-treegrid": {
      "version": "31.1.22",
      "resolved": "https://registry.npmjs.org/@syncfusion/ej2-treegrid/-/ej2-treegrid-31.1.22.tgz",
      "integrity": "sha512-7HFUUs1KaaPAyIzrCvRAaXDYB/W9l9/0A12JipgDat1+s9KYB8baT88d8n3SsHANPR28ugbh2DVVpROefvmHtw==",
      "license": "SEE LICENSE IN license",
      "dependencies": {
        "@syncfusion/ej2-base": "~31.1.22",
        "@syncfusion/ej2-data": "~31.1.17",
        "@syncfusion/ej2-grids": "~31.1.22",
        "@syncfusion/ej2-popups": "~31.1.20"
      }
    },
    "node_modules/@syncfusion/ej2-treemap": {
      "version": "31.1.17",
      "resolved": "https://registry.npmjs.org/@syncfusion/ej2-treemap/-/ej2-treemap-31.1.17.tgz",
      "integrity": "sha512-P+CIFmWPGXcgf8XJcy7F3cjWN5v0xp1NUMLbASKWnN85icB11gOXw+v5Kyql8qglBqyu9jK9pZhKhSphXLeLxw==",
      "license": "SEE LICENSE IN license",
      "dependencies": {
        "@syncfusion/ej2-base": "~31.1.17",
        "@syncfusion/ej2-compression": "~31.1.17",
        "@syncfusion/ej2-data": "~31.1.17",
        "@syncfusion/ej2-file-utils": "~31.1.17",
        "@syncfusion/ej2-pdf-export": "~31.1.17",
        "@syncfusion/ej2-svg-base": "~31.1.17"
      }
    }
  }
}
